# This file is automatically @generated by Cargo.
# It is not intended for manual editing.
version = 3

[[package]]
name = "lexarg"
version = "0.1.0"

[[package]]
name = "lexarg-error"
version = "0.1.0"
dependencies = [
 "lexarg",
]

[[package]]
name = "libtest-lexarg"
version = "0.1.0"
dependencies = [
 "lexarg",
 "lexarg-error",
]

[[package]]
name = "libtest2-harness"
version = "0.1.0"

[[package]]
name = "pytest-rs"
version = "0.0.1"
